
Microsoft Visual Studio Solution File, Format Version 12.00
# Visual Studio Version 17
VisualStudioVersion = 17.9.34616.47
MinimumVisualStudioVersion = 10.0.40219.1
Project("{FAE04EC0-301F-11D3-BF4B-00C04F79EFBC}") = "HibskyiPractice1", "HibskyiPractice1\HibskyiPractice1.csproj", "{42679999-5752-4322-9A1E-49BC8C0CAF3D}"
EndProject
Global
	GlobalSection(SolutionConfigurationPlatforms) = preSolution
		Debug|Any CPU = Debug|Any CPU
		Release|Any CPU = Release|Any CPU
	EndGlobalSection
	GlobalSection(ProjectConfigurationPlatforms) = postSolution
		{42679999-5752-4322-9A1E-49BC8C0CAF3D}.Debug|Any CPU.ActiveCfg = Debug|Any CPU
		{42679999-5752-4322-9A1E-49BC8C0CAF3D}.Debug|Any CPU.Build.0 = Debug|Any CPU
		{42679999-5752-4322-9A1E-49BC8C0CAF3D}.Release|Any CPU.ActiveCfg = Release|Any CPU
		{42679999-5752-4322-9A1E-49BC8C0CAF3D}.Release|Any CPU.Build.0 = Release|Any CPU
	EndGlobalSection
	GlobalSection(SolutionProperties) = preSolution
		HideSolutionNode = FALSE
	EndGlobalSection
	GlobalSection(ExtensibilityGlobals) = postSolution
		SolutionGuid = {CB2E33A8-A0D0-4265-B329-9D5C1C59F4C5}
	EndGlobalSection
EndGlobal
